
Microsoft Visual Studio Solution File, Format Version 12.00
# Visual Studio Version 16
VisualStudioVersion = 16.0.29709.97
MinimumVisualStudioVersion = 10.0.40219.1
Project("{8BC9CEB8-8B4A-11D0-8D11-00A0C91BC942}") = "TeaTimeSSL", "TeaTimeSSL\TeaTimeSSL.vcxproj", "{2D7F2F82-3AF1-4DEC-AC67-95C965413443}"
EndProject
Project("{8BC9CEB8-8B4A-11D0-8D11-00A0C91BC942}") = "StolenCommon", "..\src\Common(Stolen)\StolenCommon\StolenCommon\StolenCommon.vcxproj", "{CCDF14E8-7BF4-4261-B0EA-D2B6BE4249CE}"
EndProject
Global
	GlobalSection(SolutionConfigurationPlatforms) = preSolution
		Debug|x64 = Debug|x64
		Debug|x86 = Debug|x86
		Release|x64 = Release|x64
		Release|x86 = Release|x86
	EndGlobalSection
	GlobalSection(ProjectConfigurationPlatforms) = postSolution
		{2D7F2F82-3AF1-4DEC-AC67-95C965413443}.Debug|x64.ActiveCfg = Debug|x64
		{2D7F2F82-3AF1-4DEC-AC67-95C965413443}.Debug|x64.Build.0 = Debug|x64
		{2D7F2F82-3AF1-4DEC-AC67-95C965413443}.Debug|x86.ActiveCfg = Debug|Win32
		{2D7F2F82-3AF1-4DEC-AC67-95C965413443}.Debug|x86.Build.0 = Debug|Win32
		{2D7F2F82-3AF1-4DEC-AC67-95C965413443}.Release|x64.ActiveCfg = Release|x64
		{2D7F2F82-3AF1-4DEC-AC67-95C965413443}.Release|x64.Build.0 = Release|x64
		{2D7F2F82-3AF1-4DEC-AC67-95C965413443}.Release|x86.ActiveCfg = Release|Win32
		{2D7F2F82-3AF1-4DEC-AC67-95C965413443}.Release|x86.Build.0 = Release|Win32
		{CCDF14E8-7BF4-4261-B0EA-D2B6BE4249CE}.Debug|x64.ActiveCfg = Debug|x64
		{CCDF14E8-7BF4-4261-B0EA-D2B6BE4249CE}.Debug|x64.Build.0 = Debug|x64
		{CCDF14E8-7BF4-4261-B0EA-D2B6BE4249CE}.Debug|x86.ActiveCfg = Debug|Win32
		{CCDF14E8-7BF4-4261-B0EA-D2B6BE4249CE}.Debug|x86.Build.0 = Debug|Win32
		{CCDF14E8-7BF4-4261-B0EA-D2B6BE4249CE}.Release|x64.ActiveCfg = Release|x64
		{CCDF14E8-7BF4-4261-B0EA-D2B6BE4249CE}.Release|x64.Build.0 = Release|x64
		{CCDF14E8-7BF4-4261-B0EA-D2B6BE4249CE}.Release|x86.ActiveCfg = Release|Win32
		{CCDF14E8-7BF4-4261-B0EA-D2B6BE4249CE}.Release|x86.Build.0 = Release|Win32
	EndGlobalSection
	GlobalSection(SolutionProperties) = preSolution
		HideSolutionNode = FALSE
	EndGlobalSection
	GlobalSection(ExtensibilityGlobals) = postSolution
		SolutionGuid = {263DA9F3-D0DD-4236-AC45-5642B7C7079B}
	EndGlobalSection
EndGlobal
